{
  "name": "motivation",
  "version": "1.0.0",
  "lockfileVersion": 3,
  "requires": true,
  "packages": {
    "": {
      "name": "motivation",
      "version": "1.0.0",
      "license": "Apache-2.0 OR MIT",
      "dependencies": {
        "@passcod/faith": "^0.0.4",
        "node-fetch": "^3.3.2"
      }
    },
    "node_modules/@passcod/faith": {
      "version": "0.0.4",
      "resolved": "https://registry.npmjs.org/@passcod/faith/-/faith-0.0.4.tgz",
      "integrity": "sha512-HJ3QEkYP6bAhM3vxqtmfFgKzz7t1AY7OsheQracgcc1XJjKUQ/Hx1EXX0p6gMf0Yl930gtafaQInXhP4s6HPcg==",
      "license": "Apache-2.0 OR MIT",
      "engines": {
        "node": ">= 20"
      },
      "optionalDependencies": {
        "@passcod/faith-android-arm-eabi": "0.0.4",
        "@passcod/faith-android-arm64": "0.0.4",
        "@passcod/faith-darwin-arm64": "0.0.4",
        "@passcod/faith-darwin-x64": "0.0.4",
        "@passcod/faith-freebsd-x64": "0.0.4",
        "@passcod/faith-linux-arm-gnueabihf": "0.0.4",
        "@passcod/faith-linux-arm64-gnu": "0.0.4",
        "@passcod/faith-linux-arm64-musl": "0.0.4",
        "@passcod/faith-linux-x64-gnu": "0.0.4",
        "@passcod/faith-linux-x64-musl": "0.0.4",
        "@passcod/faith-win32-arm64-msvc": "0.0.4",
        "@passcod/faith-win32-x64-msvc": "0.0.4"
      }
    },
    "node_modules/@passcod/faith-android-arm-eabi": {
      "version": "0.0.4",
      "resolved": "https://registry.npmjs.org/@passcod/faith-android-arm-eabi/-/faith-android-arm-eabi-0.0.4.tgz",
      "integrity": "sha512-jS110Vt7Gb9tEDarEQfQVpS/UzR4NqdqmT9lSjOwxA4KITuvcUW6S0we+2K5pwMoP0IE3EVtCg/oZQOlT/J6hw==",
      "cpu": [
        "arm"
      ],
      "license": "Apache-2.0 OR MIT",
      "optional": true,
      "os": [
        "android"
      ],
      "engines": {
        "node": ">= 20"
      }
    },
    "node_modules/@passcod/faith-android-arm64": {
      "version": "0.0.4",
      "resolved": "https://registry.npmjs.org/@passcod/faith-android-arm64/-/faith-android-arm64-0.0.4.tgz",
      "integrity": "sha512-FcRVWN1SvZhK8qVKt15uImlnLwYHP/SU/7vCWN1gkiBVJuGaJQJ73cUhAC1rjD6+TAu2vX0LuZN3EUkxa8daQA==",
      "cpu": [
        "arm64"
      ],
      "license": "Apache-2.0 OR MIT",
      "optional": true,
      "os": [
        "android"
      ],
      "engines": {
        "node": ">= 20"
      }
    },
    "node_modules/@passcod/faith-darwin-arm64": {
      "version": "0.0.4",
      "resolved": "https://registry.npmjs.org/@passcod/faith-darwin-arm64/-/faith-darwin-arm64-0.0.4.tgz",
      "integrity": "sha512-IWJT0UQqBU8nVwbQRZ7SZi1eSa5nRBtSOaZ6MQFAfj8tZgXFakYhORmF56Aw53CIw7frF0xEhmk3MdmnYCmiqw==",
      "cpu": [
        "arm64"
      ],
      "license": "Apache-2.0 OR MIT",
      "optional": true,
      "os": [
        "darwin"
      ],
      "engines": {
        "node": ">= 20"
      }
    },
    "node_modules/@passcod/faith-darwin-x64": {
      "version": "0.0.4",
      "resolved": "https://registry.npmjs.org/@passcod/faith-darwin-x64/-/faith-darwin-x64-0.0.4.tgz",
      "integrity": "sha512-HJgaZ4NTrQ+gXM/49HOgQpZrcSf1joN8SwNUUXmSAUVQOYgK8rOWOzBxV49EpiQ14PpVduaBhE0abM2v2yQCow==",
      "cpu": [
        "x64"
      ],
      "license": "Apache-2.0 OR MIT",
      "optional": true,
      "os": [
        "darwin"
      ],
      "engines": {
        "node": ">= 20"
      }
    },
    "node_modules/@passcod/faith-freebsd-x64": {
      "version": "0.0.4",
      "resolved": "https://registry.npmjs.org/@passcod/faith-freebsd-x64/-/faith-freebsd-x64-0.0.4.tgz",
      "integrity": "sha512-VEEOsgmxHtRJg58PSTq0rT6h7WiqIThetd7HTChL7Zm4FQhQK3EdjRTEhb8BR/cLfh5xErBsHmvolxYliZEqMw==",
      "cpu": [
        "x64"
      ],
      "license": "Apache-2.0 OR MIT",
      "optional": true,
      "os": [
        "freebsd"
      ],
      "engines": {
        "node": ">= 20"
      }
    },
    "node_modules/@passcod/faith-linux-arm-gnueabihf": {
      "version": "0.0.4",
      "resolved": "https://registry.npmjs.org/@passcod/faith-linux-arm-gnueabihf/-/faith-linux-arm-gnueabihf-0.0.4.tgz",
      "integrity": "sha512-oa19zdX/HpRS3ccUmSLTPnp96mJvlGHxfGyxdBNg8xHipwqqPf5nF9+qAI9Na2pt0WyYy8r1x7hhYexiDivwIA==",
      "cpu": [
        "arm"
      ],
      "license": "Apache-2.0 OR MIT",
      "optional": true,
      "os": [
        "linux"
      ],
      "engines": {
        "node": ">= 20"
      }
    },
    "node_modules/@passcod/faith-linux-arm64-gnu": {
      "version": "0.0.4",
      "resolved": "https://registry.npmjs.org/@passcod/faith-linux-arm64-gnu/-/faith-linux-arm64-gnu-0.0.4.tgz",
      "integrity": "sha512-kjqjtbihKwmCEquYkH0cZdkoOPiajU/W+cCRqnRArdW4RANj2kvUjOsY+hr7cCsBTnLdL03pXXsqUdvJLM1kFw==",
      "cpu": [
        "arm64"
      ],
      "license": "Apache-2.0 OR MIT",
      "optional": true,
      "os": [
        "linux"
      ],
      "engines": {
        "node": ">= 20"
      }
    },
    "node_modules/@passcod/faith-linux-arm64-musl": {
      "version": "0.0.4",
      "resolved": "https://registry.npmjs.org/@passcod/faith-linux-arm64-musl/-/faith-linux-arm64-musl-0.0.4.tgz",
      "integrity": "sha512-dvkTc7aHP9hOPKK/1R54kfX3een6YBbH3ehidQ0edsHPx9X+eiQPe+nBs+dzwykPtQJ0RAvN9gnAOPtoL9ZX7Q==",
      "cpu": [
        "arm64"
      ],
      "license": "Apache-2.0 OR MIT",
      "optional": true,
      "os": [
        "linux"
      ],
      "engines": {
        "node": ">= 20"
      }
    },
    "node_modules/@passcod/faith-linux-x64-gnu": {
      "version": "0.0.4",
      "resolved": "https://registry.npmjs.org/@passcod/faith-linux-x64-gnu/-/faith-linux-x64-gnu-0.0.4.tgz",
      "integrity": "sha512-73JGtzCtBPgzdMdd19dImXDyswD4in+XZFNXUA5Tp4RFKVgblo59YxTHdUnEGbGloWuTTHzj9m9xU2vRHmVvag==",
      "cpu": [
        "x64"
      ],
      "license": "Apache-2.0 OR MIT",
      "optional": true,
      "os": [
        "linux"
      ],
      "engines": {
        "node": ">= 20"
      }
    },
    "node_modules/@passcod/faith-linux-x64-musl": {
      "version": "0.0.4",
      "resolved": "https://registry.npmjs.org/@passcod/faith-linux-x64-musl/-/faith-linux-x64-musl-0.0.4.tgz",
      "integrity": "sha512-8PIjHC/o+I87oe+dCxzMIJHoDHU1IMYcH1gJCgtfbai+yBguRdMYWxua3eC8fhNIqwxHeud9H09grzUBM7rFhw==",
      "cpu": [
        "x64"
      ],
      "license": "Apache-2.0 OR MIT",
      "optional": true,
      "os": [
        "linux"
      ],
      "engines": {
        "node": ">= 20"
      }
    },
    "node_modules/@passcod/faith-win32-arm64-msvc": {
      "version": "0.0.4",
      "resolved": "https://registry.npmjs.org/@passcod/faith-win32-arm64-msvc/-/faith-win32-arm64-msvc-0.0.4.tgz",
      "integrity": "sha512-iAUor39Xs503qHSoQqBbosK1V98iboc2jETWHmEMqaB4k0NHeAmC9Gliwe5XWtmxynbicf0CDpY06gQRfX5s6Q==",
      "cpu": [
        "arm64"
      ],
      "license": "Apache-2.0 OR MIT",
      "optional": true,
      "os": [
        "win32"
      ],
      "engines": {
        "node": ">= 20"
      }
    },
    "node_modules/@passcod/faith-win32-x64-msvc": {
      "version": "0.0.4",
      "resolved": "https://registry.npmjs.org/@passcod/faith-win32-x64-msvc/-/faith-win32-x64-msvc-0.0.4.tgz",
      "integrity": "sha512-rhORQXqwe7FRGBKndhSGsoWyMlqx+hsx3HZJekdQtoQI2EWT/iboRv783Ifx+phrpjGQmJaFh6LRp2IVsYMvKg==",
      "cpu": [
        "x64"
      ],
      "license": "Apache-2.0 OR MIT",
      "optional": true,
      "os": [
        "win32"
      ],
      "engines": {
        "node": ">= 20"
      }
    },
    "node_modules/data-uri-to-buffer": {
      "version": "4.0.1",
      "resolved": "https://registry.npmjs.org/data-uri-to-buffer/-/data-uri-to-buffer-4.0.1.tgz",
      "integrity": "sha512-0R9ikRb668HB7QDxT1vkpuUBtqc53YyAwMwGeUFKRojY/NWKvdZ+9UYtRfGmhqNbRkTSVpMbmyhXipFFv2cb/A==",
      "license": "MIT",
      "engines": {
        "node": ">= 12"
      }
    },
    "node_modules/fetch-blob": {
      "version": "3.2.0",
      "resolved": "https://registry.npmjs.org/fetch-blob/-/fetch-blob-3.2.0.tgz",
      "integrity": "sha512-7yAQpD2UMJzLi1Dqv7qFYnPbaPx7ZfFK6PiIxQ4PfkGPyNyl2Ugx+a/umUonmKqjhM4DnfbMvdX6otXq83soQQ==",
      "funding": [
        {
          "type": "github",
          "url": "https://github.com/sponsors/jimmywarting"
        },
        {
          "type": "paypal",
          "url": "https://paypal.me/jimmywarting"
        }
      ],
      "license": "MIT",
      "dependencies": {
        "node-domexception": "^1.0.0",
        "web-streams-polyfill": "^3.0.3"
      },
      "engines": {
        "node": "^12.20 || >= 14.13"
      }
    },
    "node_modules/formdata-polyfill": {
      "version": "4.0.10",
      "resolved": "https://registry.npmjs.org/formdata-polyfill/-/formdata-polyfill-4.0.10.tgz",
      "integrity": "sha512-buewHzMvYL29jdeQTVILecSaZKnt/RJWjoZCF5OW60Z67/GmSLBkOFM7qh1PI3zFNtJbaZL5eQu1vLfazOwj4g==",
      "license": "MIT",
      "dependencies": {
        "fetch-blob": "^3.1.2"
      },
      "engines": {
        "node": ">=12.20.0"
      }
    },
    "node_modules/node-domexception": {
      "version": "1.0.0",
      "resolved": "https://registry.npmjs.org/node-domexception/-/node-domexception-1.0.0.tgz",
      "integrity": "sha512-/jKZoMpw0F8GRwl4/eLROPA3cfcXtLApP0QzLmUT/HuPCZWyB7IY9ZrMeKw2O/nFIqPQB3PVM9aYm0F312AXDQ==",
      "deprecated": "Use your platform's native DOMException instead",
      "funding": [
        {
          "type": "github",
          "url": "https://github.com/sponsors/jimmywarting"
        },
        {
          "type": "github",
          "url": "https://paypal.me/jimmywarting"
        }
      ],
      "license": "MIT",
      "engines": {
        "node": ">=10.5.0"
      }
    },
    "node_modules/node-fetch": {
      "version": "3.3.2",
      "resolved": "https://registry.npmjs.org/node-fetch/-/node-fetch-3.3.2.tgz",
      "integrity": "sha512-dRB78srN/l6gqWulah9SrxeYnxeddIG30+GOqK/9OlLVyLg3HPnr6SqOWTWOXKRwC2eGYCkZ59NNuSgvSrpgOA==",
      "license": "MIT",
      "dependencies": {
        "data-uri-to-buffer": "^4.0.0",
        "fetch-blob": "^3.1.4",
        "formdata-polyfill": "^4.0.10"
      },
      "engines": {
        "node": "^12.20.0 || ^14.13.1 || >=16.0.0"
      },
      "funding": {
        "type": "opencollective",
        "url": "https://opencollective.com/node-fetch"
      }
    },
    "node_modules/web-streams-polyfill": {
      "version": "3.3.3",
      "resolved": "https://registry.npmjs.org/web-streams-polyfill/-/web-streams-polyfill-3.3.3.tgz",
      "integrity": "sha512-d2JWLCivmZYTSIoge9MsgFCZrt571BikcWGYkjC1khllbTeDlGqZ2D8vD8E/lJa8WGWbb7Plm8/XJYV7IJHZZw==",
      "license": "MIT",
      "engines": {
        "node": ">= 8"
      }
    }
  }
}
