{
  "name": "motivation",
  "version": "1.0.0",
  "lockfileVersion": 3,
  "requires": true,
  "packages": {
    "": {
      "name": "motivation",
      "version": "1.0.0",
      "license": "Apache-2.0 OR MIT",
      "dependencies": {
        "@passcod/faith": "^0.2.1",
        "node-fetch": "^3.3.2"
      }
    },
    "node_modules/@passcod/faith": {
      "version": "0.2.1",
      "resolved": "https://registry.npmjs.org/@passcod/faith/-/faith-0.2.1.tgz",
      "integrity": "sha512-m381MCg/MRCCVsuDKQ1rmDk6LeCs7xcUyRR4ZwvgOGy2HKiz45gsikufG4H8a4LkjS3U3yi06HsxR0DF9iLYsQ==",
      "license": "Apache-2.0 OR MIT",
      "engines": {
        "node": ">= 20"
      },
      "optionalDependencies": {
        "@passcod/faith-android-arm-eabi": "0.2.1",
        "@passcod/faith-android-arm64": "0.2.1",
        "@passcod/faith-darwin-arm64": "0.2.1",
        "@passcod/faith-darwin-x64": "0.2.1",
        "@passcod/faith-freebsd-x64": "0.2.1",
        "@passcod/faith-linux-arm-gnueabihf": "0.2.1",
        "@passcod/faith-linux-arm64-gnu": "0.2.1",
        "@passcod/faith-linux-arm64-musl": "0.2.1",
        "@passcod/faith-linux-x64-gnu": "0.2.1",
        "@passcod/faith-linux-x64-musl": "0.2.1",
        "@passcod/faith-win32-arm64-msvc": "0.2.1",
        "@passcod/faith-win32-x64-msvc": "0.2.1"
      }
    },
    "node_modules/@passcod/faith-android-arm-eabi": {
      "version": "0.2.1",
      "resolved": "https://registry.npmjs.org/@passcod/faith-android-arm-eabi/-/faith-android-arm-eabi-0.2.1.tgz",
      "integrity": "sha512-BKLBpsfJovf2dbPqgTtNGBrmRx7D+kVLUZE/A9qNsZk34/eI8CQ8NLpHRDLmPc0xBqyjMHjGczp7yXT5bhVIvg==",
      "cpu": [
        "arm"
      ],
      "license": "Apache-2.0 OR MIT",
      "optional": true,
      "os": [
        "android"
      ],
      "engines": {
        "node": ">= 20"
      }
    },
    "node_modules/@passcod/faith-android-arm64": {
      "version": "0.2.1",
      "resolved": "https://registry.npmjs.org/@passcod/faith-android-arm64/-/faith-android-arm64-0.2.1.tgz",
      "integrity": "sha512-sW7BYfHJvor8SDYdkQUV9QGTJxMjGVxTGd7sdnROGOA09WhsTc3/ieFFj/bEk7Dnoy/GIw++d3ljXCbBmlJGIg==",
      "cpu": [
        "arm64"
      ],
      "license": "Apache-2.0 OR MIT",
      "optional": true,
      "os": [
        "android"
      ],
      "engines": {
        "node": ">= 20"
      }
    },
    "node_modules/@passcod/faith-darwin-arm64": {
      "version": "0.2.1",
      "resolved": "https://registry.npmjs.org/@passcod/faith-darwin-arm64/-/faith-darwin-arm64-0.2.1.tgz",
      "integrity": "sha512-fmPXZpG2d+MDEzVUUrrUXZ9Axq8wpKoKjjlUX+ZdtmllKFiXZgsm5nnKwuOvT5bHv9DyB4gFsbpoOv2/DuRScw==",
      "cpu": [
        "arm64"
      ],
      "license": "Apache-2.0 OR MIT",
      "optional": true,
      "os": [
        "darwin"
      ],
      "engines": {
        "node": ">= 20"
      }
    },
    "node_modules/@passcod/faith-darwin-x64": {
      "version": "0.2.1",
      "resolved": "https://registry.npmjs.org/@passcod/faith-darwin-x64/-/faith-darwin-x64-0.2.1.tgz",
      "integrity": "sha512-3gKhP0onii7VHj6ZFcoaoqz69zhNjv2fuueFeuIvj20zwUzU/EyMmSy8xJxxA1Z2lvFppZTBZYxMnJM7oBXV+Q==",
      "cpu": [
        "x64"
      ],
      "license": "Apache-2.0 OR MIT",
      "optional": true,
      "os": [
        "darwin"
      ],
      "engines": {
        "node": ">= 20"
      }
    },
    "node_modules/@passcod/faith-freebsd-x64": {
      "version": "0.2.1",
      "resolved": "https://registry.npmjs.org/@passcod/faith-freebsd-x64/-/faith-freebsd-x64-0.2.1.tgz",
      "integrity": "sha512-7LAfDTYJuVQEV1DoQGM5tkNur/d/xbod6lESWJ4W+WQVMTKeKI50O25rqYgaMBnvbsxmNWluIBan5BagTXm8pA==",
      "cpu": [
        "x64"
      ],
      "license": "Apache-2.0 OR MIT",
      "optional": true,
      "os": [
        "freebsd"
      ],
      "engines": {
        "node": ">= 20"
      }
    },
    "node_modules/@passcod/faith-linux-arm-gnueabihf": {
      "version": "0.2.1",
      "resolved": "https://registry.npmjs.org/@passcod/faith-linux-arm-gnueabihf/-/faith-linux-arm-gnueabihf-0.2.1.tgz",
      "integrity": "sha512-8KBS+ZoUF2ORzdmQPdQ9hI1zfZuVJXP0oBksx8T1ILFJxgdvRV6A6FDkidfhj6B9dfDKFy2geB7hNbIJiMuc1g==",
      "cpu": [
        "arm"
      ],
      "license": "Apache-2.0 OR MIT",
      "optional": true,
      "os": [
        "linux"
      ],
      "engines": {
        "node": ">= 20"
      }
    },
    "node_modules/@passcod/faith-linux-arm64-gnu": {
      "version": "0.2.1",
      "resolved": "https://registry.npmjs.org/@passcod/faith-linux-arm64-gnu/-/faith-linux-arm64-gnu-0.2.1.tgz",
      "integrity": "sha512-4/2rh09BLC8oRKvgxCrOPY4HdavpMBaqNzvDKdn1QMkgRRc8sL62voXMDAdn/lNzWTDX+oIIGEv13WvACiTvXA==",
      "cpu": [
        "arm64"
      ],
      "license": "Apache-2.0 OR MIT",
      "optional": true,
      "os": [
        "linux"
      ],
      "engines": {
        "node": ">= 20"
      }
    },
    "node_modules/@passcod/faith-linux-arm64-musl": {
      "version": "0.2.1",
      "resolved": "https://registry.npmjs.org/@passcod/faith-linux-arm64-musl/-/faith-linux-arm64-musl-0.2.1.tgz",
      "integrity": "sha512-NCB2+eFzsCWGW0OFI0t5BMSCEMpIKVI+LipXa5uwP9jg41ZGcPGfrVcr2OxW8jX5hrjxdqa7ZFLEBZ0WfEb62A==",
      "cpu": [
        "arm64"
      ],
      "license": "Apache-2.0 OR MIT",
      "optional": true,
      "os": [
        "linux"
      ],
      "engines": {
        "node": ">= 20"
      }
    },
    "node_modules/@passcod/faith-linux-x64-gnu": {
      "version": "0.2.1",
      "resolved": "https://registry.npmjs.org/@passcod/faith-linux-x64-gnu/-/faith-linux-x64-gnu-0.2.1.tgz",
      "integrity": "sha512-Yy+AlzoZGdNjTjq1lnDz3jIY2PuBbhwR3Ca7OWeO/8veuBGlWzN/as89Z3HJG04KHEAGHXjvr43iIa3hePMBuQ==",
      "cpu": [
        "x64"
      ],
      "license": "Apache-2.0 OR MIT",
      "optional": true,
      "os": [
        "linux"
      ],
      "engines": {
        "node": ">= 20"
      }
    },
    "node_modules/@passcod/faith-linux-x64-musl": {
      "version": "0.2.1",
      "resolved": "https://registry.npmjs.org/@passcod/faith-linux-x64-musl/-/faith-linux-x64-musl-0.2.1.tgz",
      "integrity": "sha512-xqd+K1YD/rT5l9+LWDirInXtM8fLfmNZzL0jjmo81ttIkRMNZUJlBLv1dbbKMtJeCLFsSy7mwFOhuoLG419eEg==",
      "cpu": [
        "x64"
      ],
      "license": "Apache-2.0 OR MIT",
      "optional": true,
      "os": [
        "linux"
      ],
      "engines": {
        "node": ">= 20"
      }
    },
    "node_modules/@passcod/faith-win32-arm64-msvc": {
      "version": "0.2.1",
      "resolved": "https://registry.npmjs.org/@passcod/faith-win32-arm64-msvc/-/faith-win32-arm64-msvc-0.2.1.tgz",
      "integrity": "sha512-GgrBEyhxi+tAN83WYRB+0z8f6mnYxJ4N9+JZSaFZYd/ze9uuEN8aKVrpXxoByU3udsiP/L+Y7pk1kTunRbia8A==",
      "cpu": [
        "arm64"
      ],
      "license": "Apache-2.0 OR MIT",
      "optional": true,
      "os": [
        "win32"
      ],
      "engines": {
        "node": ">= 20"
      }
    },
    "node_modules/@passcod/faith-win32-x64-msvc": {
      "version": "0.2.1",
      "resolved": "https://registry.npmjs.org/@passcod/faith-win32-x64-msvc/-/faith-win32-x64-msvc-0.2.1.tgz",
      "integrity": "sha512-3i6p6xRIWCXqY6FRkXESPaqIIwRLgULPSoXcqemECBcklFRDIpC+bSU4oCWmALMXrAtW5BgVbOIEdCdrCN3EYA==",
      "cpu": [
        "x64"
      ],
      "license": "Apache-2.0 OR MIT",
      "optional": true,
      "os": [
        "win32"
      ],
      "engines": {
        "node": ">= 20"
      }
    },
    "node_modules/data-uri-to-buffer": {
      "version": "4.0.1",
      "resolved": "https://registry.npmjs.org/data-uri-to-buffer/-/data-uri-to-buffer-4.0.1.tgz",
      "integrity": "sha512-0R9ikRb668HB7QDxT1vkpuUBtqc53YyAwMwGeUFKRojY/NWKvdZ+9UYtRfGmhqNbRkTSVpMbmyhXipFFv2cb/A==",
      "license": "MIT",
      "engines": {
        "node": ">= 12"
      }
    },
    "node_modules/fetch-blob": {
      "version": "3.2.0",
      "resolved": "https://registry.npmjs.org/fetch-blob/-/fetch-blob-3.2.0.tgz",
      "integrity": "sha512-7yAQpD2UMJzLi1Dqv7qFYnPbaPx7ZfFK6PiIxQ4PfkGPyNyl2Ugx+a/umUonmKqjhM4DnfbMvdX6otXq83soQQ==",
      "funding": [
        {
          "type": "github",
          "url": "https://github.com/sponsors/jimmywarting"
        },
        {
          "type": "paypal",
          "url": "https://paypal.me/jimmywarting"
        }
      ],
      "license": "MIT",
      "dependencies": {
        "node-domexception": "^1.0.0",
        "web-streams-polyfill": "^3.0.3"
      },
      "engines": {
        "node": "^12.20 || >= 14.13"
      }
    },
    "node_modules/formdata-polyfill": {
      "version": "4.0.10",
      "resolved": "https://registry.npmjs.org/formdata-polyfill/-/formdata-polyfill-4.0.10.tgz",
      "integrity": "sha512-buewHzMvYL29jdeQTVILecSaZKnt/RJWjoZCF5OW60Z67/GmSLBkOFM7qh1PI3zFNtJbaZL5eQu1vLfazOwj4g==",
      "license": "MIT",
      "dependencies": {
        "fetch-blob": "^3.1.2"
      },
      "engines": {
        "node": ">=12.20.0"
      }
    },
    "node_modules/node-domexception": {
      "version": "1.0.0",
      "resolved": "https://registry.npmjs.org/node-domexception/-/node-domexception-1.0.0.tgz",
      "integrity": "sha512-/jKZoMpw0F8GRwl4/eLROPA3cfcXtLApP0QzLmUT/HuPCZWyB7IY9ZrMeKw2O/nFIqPQB3PVM9aYm0F312AXDQ==",
      "deprecated": "Use your platform's native DOMException instead",
      "funding": [
        {
          "type": "github",
          "url": "https://github.com/sponsors/jimmywarting"
        },
        {
          "type": "github",
          "url": "https://paypal.me/jimmywarting"
        }
      ],
      "license": "MIT",
      "engines": {
        "node": ">=10.5.0"
      }
    },
    "node_modules/node-fetch": {
      "version": "3.3.2",
      "resolved": "https://registry.npmjs.org/node-fetch/-/node-fetch-3.3.2.tgz",
      "integrity": "sha512-dRB78srN/l6gqWulah9SrxeYnxeddIG30+GOqK/9OlLVyLg3HPnr6SqOWTWOXKRwC2eGYCkZ59NNuSgvSrpgOA==",
      "license": "MIT",
      "dependencies": {
        "data-uri-to-buffer": "^4.0.0",
        "fetch-blob": "^3.1.4",
        "formdata-polyfill": "^4.0.10"
      },
      "engines": {
        "node": "^12.20.0 || ^14.13.1 || >=16.0.0"
      },
      "funding": {
        "type": "opencollective",
        "url": "https://opencollective.com/node-fetch"
      }
    },
    "node_modules/web-streams-polyfill": {
      "version": "3.3.3",
      "resolved": "https://registry.npmjs.org/web-streams-polyfill/-/web-streams-polyfill-3.3.3.tgz",
      "integrity": "sha512-d2JWLCivmZYTSIoge9MsgFCZrt571BikcWGYkjC1khllbTeDlGqZ2D8vD8E/lJa8WGWbb7Plm8/XJYV7IJHZZw==",
      "license": "MIT",
      "engines": {
        "node": ">= 8"
      }
    }
  }
}
