{
  "name": "motivation",
  "version": "1.0.0",
  "lockfileVersion": 3,
  "requires": true,
  "packages": {
    "": {
      "name": "motivation",
      "version": "1.0.0",
      "license": "Apache-2.0 OR MIT",
      "dependencies": {
        "@passcod/faith": "^0.0.5",
        "node-fetch": "^3.3.2"
      }
    },
    "node_modules/@passcod/faith": {
      "version": "0.0.5",
      "resolved": "https://registry.npmjs.org/@passcod/faith/-/faith-0.0.5.tgz",
      "integrity": "sha512-xO7XYm0FB9i7KQqaX5zjhM72ayDyS1Rhe91/foJV9gtSvh4hIGPPycVcl53OM8dvCnXl1diOhn/yDUVNQnxU1w==",
      "license": "Apache-2.0 OR MIT",
      "engines": {
        "node": ">= 20"
      },
      "optionalDependencies": {
        "@passcod/faith-android-arm-eabi": "0.0.5",
        "@passcod/faith-android-arm64": "0.0.5",
        "@passcod/faith-darwin-arm64": "0.0.5",
        "@passcod/faith-darwin-x64": "0.0.5",
        "@passcod/faith-freebsd-x64": "0.0.5",
        "@passcod/faith-linux-arm-gnueabihf": "0.0.5",
        "@passcod/faith-linux-arm64-gnu": "0.0.5",
        "@passcod/faith-linux-arm64-musl": "0.0.5",
        "@passcod/faith-linux-x64-gnu": "0.0.5",
        "@passcod/faith-linux-x64-musl": "0.0.5",
        "@passcod/faith-win32-arm64-msvc": "0.0.5",
        "@passcod/faith-win32-x64-msvc": "0.0.5"
      }
    },
    "node_modules/@passcod/faith-android-arm-eabi": {
      "version": "0.0.5",
      "resolved": "https://registry.npmjs.org/@passcod/faith-android-arm-eabi/-/faith-android-arm-eabi-0.0.5.tgz",
      "integrity": "sha512-bpol4VzBPtb+ls0d2Y924QXwB7jIL+lBUzwlQ1Adyz9T6T8D9FLN0qcCMt76201efFm+TdmEKK2rhTxRvIxXRQ==",
      "cpu": [
        "arm"
      ],
      "license": "Apache-2.0 OR MIT",
      "optional": true,
      "os": [
        "android"
      ],
      "engines": {
        "node": ">= 20"
      }
    },
    "node_modules/@passcod/faith-android-arm64": {
      "version": "0.0.5",
      "resolved": "https://registry.npmjs.org/@passcod/faith-android-arm64/-/faith-android-arm64-0.0.5.tgz",
      "integrity": "sha512-8sJx1rj2lMJW9p2meItlZssG3g3RiJvaW+bY+cDNv/Tfe0M4a8U67eP7XOOSsRcJk9ouzgKU1w7BVfzhAJnsNA==",
      "cpu": [
        "arm64"
      ],
      "license": "Apache-2.0 OR MIT",
      "optional": true,
      "os": [
        "android"
      ],
      "engines": {
        "node": ">= 20"
      }
    },
    "node_modules/@passcod/faith-darwin-arm64": {
      "version": "0.0.5",
      "resolved": "https://registry.npmjs.org/@passcod/faith-darwin-arm64/-/faith-darwin-arm64-0.0.5.tgz",
      "integrity": "sha512-YTxDfSHyAQXEmeuB5dP+5gdXlV/Y4ieMe3VCK1nE+4fgI3/sSlFHw8tmRnOjTN5y809gBki0arVw+20ubGEMrQ==",
      "cpu": [
        "arm64"
      ],
      "license": "Apache-2.0 OR MIT",
      "optional": true,
      "os": [
        "darwin"
      ],
      "engines": {
        "node": ">= 20"
      }
    },
    "node_modules/@passcod/faith-darwin-x64": {
      "version": "0.0.5",
      "resolved": "https://registry.npmjs.org/@passcod/faith-darwin-x64/-/faith-darwin-x64-0.0.5.tgz",
      "integrity": "sha512-gFXdXBUVkw4W6k7wdUP0ML9gmqTjk6Ls5UcXn7XfhubkjMOoktjI3T38zZlEfgGQodtu4fPwdk5Sy9o6on60Jg==",
      "cpu": [
        "x64"
      ],
      "license": "Apache-2.0 OR MIT",
      "optional": true,
      "os": [
        "darwin"
      ],
      "engines": {
        "node": ">= 20"
      }
    },
    "node_modules/@passcod/faith-freebsd-x64": {
      "version": "0.0.5",
      "resolved": "https://registry.npmjs.org/@passcod/faith-freebsd-x64/-/faith-freebsd-x64-0.0.5.tgz",
      "integrity": "sha512-Wz6FlQ5GGvJA26os/qgzMzWtdA7xPnZ1K19Uj0xHaTgafoGIwfUNQmTtkWYgEYC+r30/s0UeEYbOCguW4TpOEQ==",
      "cpu": [
        "x64"
      ],
      "license": "Apache-2.0 OR MIT",
      "optional": true,
      "os": [
        "freebsd"
      ],
      "engines": {
        "node": ">= 20"
      }
    },
    "node_modules/@passcod/faith-linux-arm-gnueabihf": {
      "version": "0.0.5",
      "resolved": "https://registry.npmjs.org/@passcod/faith-linux-arm-gnueabihf/-/faith-linux-arm-gnueabihf-0.0.5.tgz",
      "integrity": "sha512-RTe22jpYpKuc9VAu1VkBoEqcDF02cWwwWTNBqNVj17182j7mVbj9g+ZSrh0xQRg1xMw3kfBQ9LdWLytk+1eb0A==",
      "cpu": [
        "arm"
      ],
      "license": "Apache-2.0 OR MIT",
      "optional": true,
      "os": [
        "linux"
      ],
      "engines": {
        "node": ">= 20"
      }
    },
    "node_modules/@passcod/faith-linux-arm64-gnu": {
      "version": "0.0.5",
      "resolved": "https://registry.npmjs.org/@passcod/faith-linux-arm64-gnu/-/faith-linux-arm64-gnu-0.0.5.tgz",
      "integrity": "sha512-8TQXaOuJDxrVMADz1pOzs5nHkTP655ebwAf9vsCPo069pnMq1MFX6swjROdgHHvp4KCKE1ZK4xBHYwkoBMjdvQ==",
      "cpu": [
        "arm64"
      ],
      "license": "Apache-2.0 OR MIT",
      "optional": true,
      "os": [
        "linux"
      ],
      "engines": {
        "node": ">= 20"
      }
    },
    "node_modules/@passcod/faith-linux-arm64-musl": {
      "version": "0.0.5",
      "resolved": "https://registry.npmjs.org/@passcod/faith-linux-arm64-musl/-/faith-linux-arm64-musl-0.0.5.tgz",
      "integrity": "sha512-szhZAbGCBM80mYj4alEdlWpNjUwlQ0Nslf4tl7TD6fIwmBw1l0S0DbpN/yt/LL4oCqpzGSvGI8juiAALzoHSxA==",
      "cpu": [
        "arm64"
      ],
      "license": "Apache-2.0 OR MIT",
      "optional": true,
      "os": [
        "linux"
      ],
      "engines": {
        "node": ">= 20"
      }
    },
    "node_modules/@passcod/faith-linux-x64-gnu": {
      "version": "0.0.5",
      "resolved": "https://registry.npmjs.org/@passcod/faith-linux-x64-gnu/-/faith-linux-x64-gnu-0.0.5.tgz",
      "integrity": "sha512-Y5we+QHTYVbD+hZh3e6TiADpxocjIk8zaGfwsOxA4R5QbJJGuMCKcyMJ3jOg1WDJ1FhBpL2lv0IXT9so1h5X6g==",
      "cpu": [
        "x64"
      ],
      "license": "Apache-2.0 OR MIT",
      "optional": true,
      "os": [
        "linux"
      ],
      "engines": {
        "node": ">= 20"
      }
    },
    "node_modules/@passcod/faith-linux-x64-musl": {
      "version": "0.0.5",
      "resolved": "https://registry.npmjs.org/@passcod/faith-linux-x64-musl/-/faith-linux-x64-musl-0.0.5.tgz",
      "integrity": "sha512-2ILBIr1HIHAfWTY3IqFQHF5R2JJLa6+WFe8GNYgfEtHBphEoj9hpG03LxcsiCwrULT6dHVqa+BIK8ku89c9SiA==",
      "cpu": [
        "x64"
      ],
      "license": "Apache-2.0 OR MIT",
      "optional": true,
      "os": [
        "linux"
      ],
      "engines": {
        "node": ">= 20"
      }
    },
    "node_modules/@passcod/faith-win32-arm64-msvc": {
      "version": "0.0.5",
      "resolved": "https://registry.npmjs.org/@passcod/faith-win32-arm64-msvc/-/faith-win32-arm64-msvc-0.0.5.tgz",
      "integrity": "sha512-O2vypyPLaUQEuU/9ejzW+iJfgxNeZplgXjdhMC5wewcd139e7nQsYOfoWa5U/FwI67mr7b1nIi0aZp6dCaDGWg==",
      "cpu": [
        "arm64"
      ],
      "license": "Apache-2.0 OR MIT",
      "optional": true,
      "os": [
        "win32"
      ],
      "engines": {
        "node": ">= 20"
      }
    },
    "node_modules/@passcod/faith-win32-x64-msvc": {
      "version": "0.0.5",
      "resolved": "https://registry.npmjs.org/@passcod/faith-win32-x64-msvc/-/faith-win32-x64-msvc-0.0.5.tgz",
      "integrity": "sha512-Cn+7sSclDnRUi9Iyq4SFfn0pQPX54SfHZxwqjXxOqtX4ttvZDBUkfQ5Llhz+8TpVVF4+Azj9b/gVPG46FRT2Qg==",
      "cpu": [
        "x64"
      ],
      "license": "Apache-2.0 OR MIT",
      "optional": true,
      "os": [
        "win32"
      ],
      "engines": {
        "node": ">= 20"
      }
    },
    "node_modules/data-uri-to-buffer": {
      "version": "4.0.1",
      "resolved": "https://registry.npmjs.org/data-uri-to-buffer/-/data-uri-to-buffer-4.0.1.tgz",
      "integrity": "sha512-0R9ikRb668HB7QDxT1vkpuUBtqc53YyAwMwGeUFKRojY/NWKvdZ+9UYtRfGmhqNbRkTSVpMbmyhXipFFv2cb/A==",
      "license": "MIT",
      "engines": {
        "node": ">= 12"
      }
    },
    "node_modules/fetch-blob": {
      "version": "3.2.0",
      "resolved": "https://registry.npmjs.org/fetch-blob/-/fetch-blob-3.2.0.tgz",
      "integrity": "sha512-7yAQpD2UMJzLi1Dqv7qFYnPbaPx7ZfFK6PiIxQ4PfkGPyNyl2Ugx+a/umUonmKqjhM4DnfbMvdX6otXq83soQQ==",
      "funding": [
        {
          "type": "github",
          "url": "https://github.com/sponsors/jimmywarting"
        },
        {
          "type": "paypal",
          "url": "https://paypal.me/jimmywarting"
        }
      ],
      "license": "MIT",
      "dependencies": {
        "node-domexception": "^1.0.0",
        "web-streams-polyfill": "^3.0.3"
      },
      "engines": {
        "node": "^12.20 || >= 14.13"
      }
    },
    "node_modules/formdata-polyfill": {
      "version": "4.0.10",
      "resolved": "https://registry.npmjs.org/formdata-polyfill/-/formdata-polyfill-4.0.10.tgz",
      "integrity": "sha512-buewHzMvYL29jdeQTVILecSaZKnt/RJWjoZCF5OW60Z67/GmSLBkOFM7qh1PI3zFNtJbaZL5eQu1vLfazOwj4g==",
      "license": "MIT",
      "dependencies": {
        "fetch-blob": "^3.1.2"
      },
      "engines": {
        "node": ">=12.20.0"
      }
    },
    "node_modules/node-domexception": {
      "version": "1.0.0",
      "resolved": "https://registry.npmjs.org/node-domexception/-/node-domexception-1.0.0.tgz",
      "integrity": "sha512-/jKZoMpw0F8GRwl4/eLROPA3cfcXtLApP0QzLmUT/HuPCZWyB7IY9ZrMeKw2O/nFIqPQB3PVM9aYm0F312AXDQ==",
      "deprecated": "Use your platform's native DOMException instead",
      "funding": [
        {
          "type": "github",
          "url": "https://github.com/sponsors/jimmywarting"
        },
        {
          "type": "github",
          "url": "https://paypal.me/jimmywarting"
        }
      ],
      "license": "MIT",
      "engines": {
        "node": ">=10.5.0"
      }
    },
    "node_modules/node-fetch": {
      "version": "3.3.2",
      "resolved": "https://registry.npmjs.org/node-fetch/-/node-fetch-3.3.2.tgz",
      "integrity": "sha512-dRB78srN/l6gqWulah9SrxeYnxeddIG30+GOqK/9OlLVyLg3HPnr6SqOWTWOXKRwC2eGYCkZ59NNuSgvSrpgOA==",
      "license": "MIT",
      "dependencies": {
        "data-uri-to-buffer": "^4.0.0",
        "fetch-blob": "^3.1.4",
        "formdata-polyfill": "^4.0.10"
      },
      "engines": {
        "node": "^12.20.0 || ^14.13.1 || >=16.0.0"
      },
      "funding": {
        "type": "opencollective",
        "url": "https://opencollective.com/node-fetch"
      }
    },
    "node_modules/web-streams-polyfill": {
      "version": "3.3.3",
      "resolved": "https://registry.npmjs.org/web-streams-polyfill/-/web-streams-polyfill-3.3.3.tgz",
      "integrity": "sha512-d2JWLCivmZYTSIoge9MsgFCZrt571BikcWGYkjC1khllbTeDlGqZ2D8vD8E/lJa8WGWbb7Plm8/XJYV7IJHZZw==",
      "license": "MIT",
      "engines": {
        "node": ">= 8"
      }
    }
  }
}
